
Microsoft Visual Studio Solution File, Format Version 11.00
# Visual Studio 2010
Project("{FAE04EC0-301F-11D3-BF4B-00C04F79EFBC}") = "Assembly-CSharp", "Assembly-CSharp.csproj", "{3b8dc1d7-2e1a-aa65-c0c8-2951dc7b3809}"
EndProject
Project("{FAE04EC0-301F-11D3-BF4B-00C04F79EFBC}") = "SimpleWebTransport", "SimpleWebTransport.csproj", "{b03023a3-994f-5f78-f69a-9c16bfd7ea34}"
EndProject
Project("{FAE04EC0-301F-11D3-BF4B-00C04F79EFBC}") = "Mirror", "Mirror.csproj", "{c04b4914-99ed-a7bc-2a1f-c68bf6f28e88}"
EndProject
Project("{FAE04EC0-301F-11D3-BF4B-00C04F79EFBC}") = "Telepathy", "Telepathy.csproj", "{63d7d357-b948-7bc9-ee6a-c642c474bf49}"
EndProject
Project("{FAE04EC0-301F-11D3-BF4B-00C04F79EFBC}") = "Mirror.Components", "Mirror.Components.csproj", "{ee988680-4f1a-1410-139f-10766718257d}"
EndProject
Project("{FAE04EC0-301F-11D3-BF4B-00C04F79EFBC}") = "Mirror.Examples", "Mirror.Examples.csproj", "{06996200-26c5-eea9-3cd5-aaaa6640f0c2}"
EndProject
Project("{FAE04EC0-301F-11D3-BF4B-00C04F79EFBC}") = "kcp2k", "kcp2k.csproj", "{1cb93c3b-b817-a47c-0c02-c541e2f55978}"
EndProject
Project("{FAE04EC0-301F-11D3-BF4B-00C04F79EFBC}") = "Mirror.Authenticators", "Mirror.Authenticators.csproj", "{e272adef-4b0b-83b3-c7b2-5d4c25ef01c3}"
EndProject
Project("{FAE04EC0-301F-11D3-BF4B-00C04F79EFBC}") = "Mirror.Weaver", "Mirror.Weaver.csproj", "{05648956-319f-507c-59b3-1103a1f8a827}"
EndProject
Project("{FAE04EC0-301F-11D3-BF4B-00C04F79EFBC}") = "Mirror.Editor", "Mirror.Editor.csproj", "{52292b42-8dd1-1592-7ba1-a1bf4961ea06}"
EndProject
Project("{FAE04EC0-301F-11D3-BF4B-00C04F79EFBC}") = "Mirror.CompilerSymbols", "Mirror.CompilerSymbols.csproj", "{61be0632-5cc5-0203-d6b4-49d627a6ba7f}"
EndProject
Global
	GlobalSection(SolutionConfigurationPlatforms) = preSolution
		Debug|Any CPU = Debug|Any CPU
	EndGlobalSection
	GlobalSection(ProjectConfigurationPlatforms) = postSolution
		{3b8dc1d7-2e1a-aa65-c0c8-2951dc7b3809}.Debug|Any CPU.ActiveCfg = Debug|Any CPU
		{3b8dc1d7-2e1a-aa65-c0c8-2951dc7b3809}.Debug|Any CPU.Build.0 = Debug|Any CPU
		{b03023a3-994f-5f78-f69a-9c16bfd7ea34}.Debug|Any CPU.ActiveCfg = Debug|Any CPU
		{b03023a3-994f-5f78-f69a-9c16bfd7ea34}.Debug|Any CPU.Build.0 = Debug|Any CPU
		{c04b4914-99ed-a7bc-2a1f-c68bf6f28e88}.Debug|Any CPU.ActiveCfg = Debug|Any CPU
		{c04b4914-99ed-a7bc-2a1f-c68bf6f28e88}.Debug|Any CPU.Build.0 = Debug|Any CPU
		{63d7d357-b948-7bc9-ee6a-c642c474bf49}.Debug|Any CPU.ActiveCfg = Debug|Any CPU
		{63d7d357-b948-7bc9-ee6a-c642c474bf49}.Debug|Any CPU.Build.0 = Debug|Any CPU
		{ee988680-4f1a-1410-139f-10766718257d}.Debug|Any CPU.ActiveCfg = Debug|Any CPU
		{ee988680-4f1a-1410-139f-10766718257d}.Debug|Any CPU.Build.0 = Debug|Any CPU
		{06996200-26c5-eea9-3cd5-aaaa6640f0c2}.Debug|Any CPU.ActiveCfg = Debug|Any CPU
		{06996200-26c5-eea9-3cd5-aaaa6640f0c2}.Debug|Any CPU.Build.0 = Debug|Any CPU
		{1cb93c3b-b817-a47c-0c02-c541e2f55978}.Debug|Any CPU.ActiveCfg = Debug|Any CPU
		{1cb93c3b-b817-a47c-0c02-c541e2f55978}.Debug|Any CPU.Build.0 = Debug|Any CPU
		{e272adef-4b0b-83b3-c7b2-5d4c25ef01c3}.Debug|Any CPU.ActiveCfg = Debug|Any CPU
		{e272adef-4b0b-83b3-c7b2-5d4c25ef01c3}.Debug|Any CPU.Build.0 = Debug|Any CPU
		{05648956-319f-507c-59b3-1103a1f8a827}.Debug|Any CPU.ActiveCfg = Debug|Any CPU
		{05648956-319f-507c-59b3-1103a1f8a827}.Debug|Any CPU.Build.0 = Debug|Any CPU
		{52292b42-8dd1-1592-7ba1-a1bf4961ea06}.Debug|Any CPU.ActiveCfg = Debug|Any CPU
		{52292b42-8dd1-1592-7ba1-a1bf4961ea06}.Debug|Any CPU.Build.0 = Debug|Any CPU
		{61be0632-5cc5-0203-d6b4-49d627a6ba7f}.Debug|Any CPU.ActiveCfg = Debug|Any CPU
		{61be0632-5cc5-0203-d6b4-49d627a6ba7f}.Debug|Any CPU.Build.0 = Debug|Any CPU
	EndGlobalSection
	GlobalSection(SolutionProperties) = preSolution
		HideSolutionNode = FALSE
	EndGlobalSection
EndGlobal
